
Microsoft Visual Studio Solution File, Format Version 12.00
# Visual Studio Version 16
VisualStudioVersion = 16.0.31424.327
MinimumVisualStudioVersion = 10.0.40219.1
Project("{9A19103F-16F7-4668-BE54-9A1E7A4F7556}") = "MyFoodDay", "MyFoodDay\MyFoodDay.csproj", "{CE16909C-5076-4FF4-8EF3-83F4E7EFD05E}"
EndProject
Project("{9A19103F-16F7-4668-BE54-9A1E7A4F7556}") = "MyFoodDayWeb", "MyFoodDayWeb\MyFoodDayWeb.csproj", "{CE969051-078B-4936-A41A-831D3C63F090}"
EndProject
Global
	GlobalSection(SolutionConfigurationPlatforms) = preSolution
		Debug|Any CPU = Debug|Any CPU
		Release|Any CPU = Release|Any CPU
	EndGlobalSection
	GlobalSection(ProjectConfigurationPlatforms) = postSolution
		{CE16909C-5076-4FF4-8EF3-83F4E7EFD05E}.Debug|Any CPU.ActiveCfg = Debug|Any CPU
		{CE16909C-5076-4FF4-8EF3-83F4E7EFD05E}.Debug|Any CPU.Build.0 = Debug|Any CPU
		{CE16909C-5076-4FF4-8EF3-83F4E7EFD05E}.Release|Any CPU.ActiveCfg = Release|Any CPU
		{CE16909C-5076-4FF4-8EF3-83F4E7EFD05E}.Release|Any CPU.Build.0 = Release|Any CPU
		{CE969051-078B-4936-A41A-831D3C63F090}.Debug|Any CPU.ActiveCfg = Debug|Any CPU
		{CE969051-078B-4936-A41A-831D3C63F090}.Debug|Any CPU.Build.0 = Debug|Any CPU
		{CE969051-078B-4936-A41A-831D3C63F090}.Release|Any CPU.ActiveCfg = Release|Any CPU
		{CE969051-078B-4936-A41A-831D3C63F090}.Release|Any CPU.Build.0 = Release|Any CPU
	EndGlobalSection
	GlobalSection(SolutionProperties) = preSolution
		HideSolutionNode = FALSE
	EndGlobalSection
	GlobalSection(ExtensibilityGlobals) = postSolution
		SolutionGuid = {702D3AB8-BD35-4564-B847-51D44B7D86DA}
	EndGlobalSection
EndGlobal
